
Microsoft Visual Studio Solution File, Format Version 12.00
# Visual Studio Version 17
VisualStudioVersion = 17.11.35303.130
MinimumVisualStudioVersion = 10.0.40219.1
Project("{FAE04EC0-301F-11D3-BF4B-00C04F79EFBC}") = "ATM", "ATM.csproj", "{BC5DFE06-DD33-4028-AD2E-9B9AA71EAE0D}"
EndProject
Global
	GlobalSection(SolutionConfigurationPlatforms) = preSolution
		Debug|Any CPU = Debug|Any CPU
		Release|Any CPU = Release|Any CPU
	EndGlobalSection
	GlobalSection(ProjectConfigurationPlatforms) = postSolution
		{BC5DFE06-DD33-4028-AD2E-9B9AA71EAE0D}.Debug|Any CPU.ActiveCfg = Debug|Any CPU
		{BC5DFE06-DD33-4028-AD2E-9B9AA71EAE0D}.Debug|Any CPU.Build.0 = Debug|Any CPU
		{BC5DFE06-DD33-4028-AD2E-9B9AA71EAE0D}.Release|Any CPU.ActiveCfg = Release|Any CPU
		{BC5DFE06-DD33-4028-AD2E-9B9AA71EAE0D}.Release|Any CPU.Build.0 = Release|Any CPU
	EndGlobalSection
	GlobalSection(SolutionProperties) = preSolution
		HideSolutionNode = FALSE
	EndGlobalSection
	GlobalSection(ExtensibilityGlobals) = postSolution
		SolutionGuid = {7CF06534-D06B-4049-A933-BC62F9536A74}
	EndGlobalSection
EndGlobal
